
Microsoft Visual Studio Solution File, Format Version 12.00
# Visual Studio Version 17
VisualStudioVersion = 17.14.36811.4
MinimumVisualStudioVersion = 10.0.40219.1
Project("{FAE04EC0-301F-11D3-BF4B-00C04F79EFBC}") = "MyBlazorApp", "MyBlazorApp\MyBlazorApp.csproj", "{44C37B12-5979-4F16-AA6C-9FD61363CD5A}"
EndProject
Global
	GlobalSection(SolutionConfigurationPlatforms) = preSolution
		Debug|Any CPU = Debug|Any CPU
		Release|Any CPU = Release|Any CPU
	EndGlobalSection
	GlobalSection(ProjectConfigurationPlatforms) = postSolution
		{44C37B12-5979-4F16-AA6C-9FD61363CD5A}.Debug|Any CPU.ActiveCfg = Debug|Any CPU
		{44C37B12-5979-4F16-AA6C-9FD61363CD5A}.Debug|Any CPU.Build.0 = Debug|Any CPU
		{44C37B12-5979-4F16-AA6C-9FD61363CD5A}.Release|Any CPU.ActiveCfg = Release|Any CPU
		{44C37B12-5979-4F16-AA6C-9FD61363CD5A}.Release|Any CPU.Build.0 = Release|Any CPU
	EndGlobalSection
	GlobalSection(SolutionProperties) = preSolution
		HideSolutionNode = FALSE
	EndGlobalSection
	GlobalSection(ExtensibilityGlobals) = postSolution
		SolutionGuid = {003FC691-A55B-43F6-87F3-989EA77A1267}
	EndGlobalSection
EndGlobal
